<Solution>
  <Project Path="Assembly-CSharp.csproj" />
  <Project Path="3rd.Party.All.csproj" />
  <Project Path="BMD.Utils.Editor.csproj" />
  <Project Path="BMD.CharacterController.Runtime.csproj" />
  <Project Path="BMD.Utils.csproj" />
  <Project Path="NKStudio.UnitySnapToFloor.csproj" />
  <Project Path="BMD.CharacterController.Editor.csproj" />
  <Project Path="BMD.Utils.Shared.csproj" />
</Solution>
